
Microsoft Visual Studio Solution File, Format Version 12.00
# Visual Studio 15
VisualStudioVersion = 15.0.27130.2027
MinimumVisualStudioVersion = 10.0.40219.1
Project("{FAE04EC0-301F-11D3-BF4B-00C04F79EFBC}") = "Quiziet", "Prototype1.0\Quiziet.csproj", "{F8C0220E-2671-4F83-9355-42CE46A34F0C}"
EndProject
Global
	GlobalSection(SolutionConfigurationPlatforms) = preSolution
		Debug|Any CPU = Debug|Any CPU
		Release|Any CPU = Release|Any CPU
	EndGlobalSection
	GlobalSection(ProjectConfigurationPlatforms) = postSolution
		{F8C0220E-2671-4F83-9355-42CE46A34F0C}.Debug|Any CPU.ActiveCfg = Debug|Any CPU
		{F8C0220E-2671-4F83-9355-42CE46A34F0C}.Debug|Any CPU.Build.0 = Debug|Any CPU
		{F8C0220E-2671-4F83-9355-42CE46A34F0C}.Release|Any CPU.ActiveCfg = Release|Any CPU
		{F8C0220E-2671-4F83-9355-42CE46A34F0C}.Release|Any CPU.Build.0 = Release|Any CPU
	EndGlobalSection
	GlobalSection(SolutionProperties) = preSolution
		HideSolutionNode = FALSE
	EndGlobalSection
	GlobalSection(ExtensibilityGlobals) = postSolution
		SolutionGuid = {E187218A-7C1F-44D3-8EA3-92FDC02FDF0E}
	EndGlobalSection
EndGlobal
